
Microsoft Visual Studio Solution File, Format Version 12.00
# Visual Studio Version 17
VisualStudioVersion = 17.2.32519.379
MinimumVisualStudioVersion = 10.0.40219.1
Project("{9A19103F-16F7-4668-BE54-9A1E7A4F7556}") = "AutoMapper.Analyzers.Common", "src\AutoMapper.Analyzers.Common\AutoMapper.Analyzers.Common.csproj", "{C047F9A8-97E9-4988-B3C5-4D3EB646692E}"
EndProject
Project("{9A19103F-16F7-4668-BE54-9A1E7A4F7556}") = "AutoMapper.Analyzers.Vsix", "package\AutoMapper.Analyzers.Vsix\AutoMapper.Analyzers.Vsix.csproj", "{27CE8A80-8A9D-4DE9-8979-251B9FF51F15}"
EndProject
Project("{9A19103F-16F7-4668-BE54-9A1E7A4F7556}") = "AutoMapper.Analyzers.Common.Tests", "tests\AutoMapper.Analyzers.Common.Tests\AutoMapper.Analyzers.Common.Tests.csproj", "{C8DC7E99-D7C6-4D24-AEA4-CEBC92207534}"
EndProject
Project("{FAE04EC0-301F-11D3-BF4B-00C04F79EFBC}") = "AutoMapper.Analyzers.Common.CodeFixes", "src\AutoMapper.Analyzers.Common.CodeFixes\AutoMapper.Analyzers.Common.CodeFixes.csproj", "{4FC11BE6-9A0D-4147-A968-9D2B508D25D5}"
EndProject
Global
	GlobalSection(SolutionConfigurationPlatforms) = preSolution
		Debug|Any CPU = Debug|Any CPU
		Debug|x86 = Debug|x86
		Release|Any CPU = Release|Any CPU
		Release|x86 = Release|x86
	EndGlobalSection
	GlobalSection(ProjectConfigurationPlatforms) = postSolution
		{C047F9A8-97E9-4988-B3C5-4D3EB646692E}.Debug|Any CPU.ActiveCfg = Debug|Any CPU
		{C047F9A8-97E9-4988-B3C5-4D3EB646692E}.Debug|Any CPU.Build.0 = Debug|Any CPU
		{C047F9A8-97E9-4988-B3C5-4D3EB646692E}.Debug|x86.ActiveCfg = Debug|Any CPU
		{C047F9A8-97E9-4988-B3C5-4D3EB646692E}.Debug|x86.Build.0 = Debug|Any CPU
		{C047F9A8-97E9-4988-B3C5-4D3EB646692E}.Release|Any CPU.ActiveCfg = Release|Any CPU
		{C047F9A8-97E9-4988-B3C5-4D3EB646692E}.Release|Any CPU.Build.0 = Release|Any CPU
		{C047F9A8-97E9-4988-B3C5-4D3EB646692E}.Release|x86.ActiveCfg = Release|Any CPU
		{C047F9A8-97E9-4988-B3C5-4D3EB646692E}.Release|x86.Build.0 = Release|Any CPU
		{27CE8A80-8A9D-4DE9-8979-251B9FF51F15}.Debug|Any CPU.ActiveCfg = Debug|Any CPU
		{27CE8A80-8A9D-4DE9-8979-251B9FF51F15}.Debug|Any CPU.Build.0 = Debug|Any CPU
		{27CE8A80-8A9D-4DE9-8979-251B9FF51F15}.Debug|x86.ActiveCfg = Debug|Any CPU
		{27CE8A80-8A9D-4DE9-8979-251B9FF51F15}.Debug|x86.Build.0 = Debug|Any CPU
		{27CE8A80-8A9D-4DE9-8979-251B9FF51F15}.Release|Any CPU.ActiveCfg = Release|Any CPU
		{27CE8A80-8A9D-4DE9-8979-251B9FF51F15}.Release|Any CPU.Build.0 = Release|Any CPU
		{27CE8A80-8A9D-4DE9-8979-251B9FF51F15}.Release|x86.ActiveCfg = Release|Any CPU
		{27CE8A80-8A9D-4DE9-8979-251B9FF51F15}.Release|x86.Build.0 = Release|Any CPU
		{C8DC7E99-D7C6-4D24-AEA4-CEBC92207534}.Debug|Any CPU.ActiveCfg = Debug|Any CPU
		{C8DC7E99-D7C6-4D24-AEA4-CEBC92207534}.Debug|Any CPU.Build.0 = Debug|Any CPU
		{C8DC7E99-D7C6-4D24-AEA4-CEBC92207534}.Debug|x86.ActiveCfg = Debug|Any CPU
		{C8DC7E99-D7C6-4D24-AEA4-CEBC92207534}.Debug|x86.Build.0 = Debug|Any CPU
		{C8DC7E99-D7C6-4D24-AEA4-CEBC92207534}.Release|Any CPU.ActiveCfg = Release|Any CPU
		{C8DC7E99-D7C6-4D24-AEA4-CEBC92207534}.Release|Any CPU.Build.0 = Release|Any CPU
		{C8DC7E99-D7C6-4D24-AEA4-CEBC92207534}.Release|x86.ActiveCfg = Release|Any CPU
		{C8DC7E99-D7C6-4D24-AEA4-CEBC92207534}.Release|x86.Build.0 = Release|Any CPU
		{4FC11BE6-9A0D-4147-A968-9D2B508D25D5}.Debug|Any CPU.ActiveCfg = Debug|Any CPU
		{4FC11BE6-9A0D-4147-A968-9D2B508D25D5}.Debug|Any CPU.Build.0 = Debug|Any CPU
		{4FC11BE6-9A0D-4147-A968-9D2B508D25D5}.Debug|x86.ActiveCfg = Debug|Any CPU
		{4FC11BE6-9A0D-4147-A968-9D2B508D25D5}.Debug|x86.Build.0 = Debug|Any CPU
		{4FC11BE6-9A0D-4147-A968-9D2B508D25D5}.Release|Any CPU.ActiveCfg = Release|Any CPU
		{4FC11BE6-9A0D-4147-A968-9D2B508D25D5}.Release|Any CPU.Build.0 = Release|Any CPU
		{4FC11BE6-9A0D-4147-A968-9D2B508D25D5}.Release|x86.ActiveCfg = Release|Any CPU
		{4FC11BE6-9A0D-4147-A968-9D2B508D25D5}.Release|x86.Build.0 = Release|Any CPU
	EndGlobalSection
	GlobalSection(SolutionProperties) = preSolution
		HideSolutionNode = FALSE
	EndGlobalSection
	GlobalSection(ExtensibilityGlobals) = postSolution
		SolutionGuid = {22493CD9-70D4-4E8F-B461-9D65360F02A4}
	EndGlobalSection
EndGlobal
